{
    "_meta": {
        "hash": {
            "sha256": "910c94007c9d58880d85064bbfbe648a1fa7bc847a685114d34221eeda56c987"
        },
        "pipfile-spec": 6,
        "requires": {
            "python_version": "3.6.7"
        },
        "sources": [
            {
                "name": "pypi",
                "url": "https://pypi.org/simple",
                "verify_ssl": true
            }
        ]
    },
    "default": {
        "aniso8601": {
            "hashes": [
                "sha256:7849749cf00ae0680ad2bdfe4419c7a662bef19c03691a19e008c8b9a5267802",
                "sha256:94f90871fcd314a458a3d4eca1c84448efbd200e86f55fe4c733c7a40149ef50"
            ],
            "version": "==3.0.2"
        },
        "appdirs": {
            "hashes": [
                "sha256:85e58578db8f29538f3109c11250c2a5514a2fcdc9890d9b2fe777eb55517736",
                "sha256:8fc245efb4387a4e3e0ac8ebcc704582df7d72ff6a42a53f5600bbb18fdaadc5"
            ],
            "index": "pypi",
            "version": "==1.4.0"
        },
        "asn1crypto": {
            "hashes": [
                "sha256:2f1adbb7546ed199e3c90ef23ec95c5cf3585bac7d11fb7eb562a3fe89c64e87",
                "sha256:9d5c20441baf0cb60a4ac34cc447c6c189024b6b4c6cd7877034f4965c464e49"
            ],
            "version": "==0.24.0"
        },
        "babel": {
            "hashes": [
                "sha256:3318ed2960240d61cbc6558858ee00c10eed77a6508c4d1ed8e6f7f48399c975",
                "sha256:c535c4403802f6eb38173cd4863e419e2274921a01a8aad8a5b497c131c62875"
            ],
            "index": "pypi",
            "version": "==2.3.4"
        },
        "babeldjango": {
            "hashes": [
                "sha256:3724d70f6be225f582be9cbe833b320a2f7945643003b040132b5d194c0facff"
            ],
            "index": "pypi",
            "version": "==0.2.2"
        },
        "boto3": {
            "hashes": [
                "sha256:5050c29353fec97301116386f469fa5858ccf47201623b53cf9f74e603bda52f",
                "sha256:518f724c4758e5a5bed114fbcbd1cf470a15306d416ff421a025b76f1d390939"
            ],
            "index": "pypi",
            "version": "==1.4.4"
        },
        "botocore": {
            "hashes": [
                "sha256:2261c2a5801c8232e9dac70dc7279f8119d08bff1916eb77cbd2bb9b8bf19a48",
                "sha256:f382bc82e5e59f9e8ab537b17b1f971e7f4dd0a6d8c0b6b78b996cf3538b6e22"
            ],
            "index": "pypi",
            "version": "==1.5.4"
        },
        "braintree": {
            "hashes": [
                "sha256:6fe626ec85a49d6a8f7508ee26592c029f94237a0279b76d1a7404878ed75e40"
            ],
            "index": "pypi",
            "version": "==3.34.0"
        },
        "cffi": {
            "hashes": [
                "sha256:04b133ef629ae2bc05f83d0b079a964494a9cd17914943e690c57209b44aae20",
                "sha256:0f1b3193c17b93c75e73eeac92f22eec4c98a021d9969b1c347d1944fae0d26b",
                "sha256:1fb1cf40c315656f98f4d3acfb1bd031a14a9a69d155e9a180d5f9b52eaf745a",
                "sha256:20af85d8e154b50f540bc8d517a0dbf6b1c20b5d06e572afda919d5dafd1d06b",
                "sha256:2570f93b42c61013ab4b26e23aa25b640faf5b093ad7dd3504c3a8eadd69bc24",
                "sha256:2f4e2872833ee3764dfc168dea566b7dd83b01ac61b377490beba53b5ece57f7",
                "sha256:31776a37a67424e7821324b9e03a05aa6378bbc2bccc58fa56402547f82803c6",
                "sha256:353421c76545f1d440cacc137abc865f07eab9df0dd3510c0851a2ca04199e90",
                "sha256:36d06de7b09b1eba54b1f5f76e2221afef7489cc61294508c5a7308a925a50c6",
                "sha256:3f1908d0bcd654f8b7b73204f24336af9f020b707fb8af937e3e2279817cbcd6",
                "sha256:5268de3a18f031e9787c919c1b9137ff681ea696e76740b1c6c336a26baaa58a",
                "sha256:563e0bd53fda03c151573217b3a49b3abad8813de9dd0632e10090f6190fdaf8",
                "sha256:5e1368d13f1774852f9e435260be19ad726bbfb501b80472f61c2dc768a0692a",
                "sha256:60881c79eb72cb75bd0a4be5e31c9e431739146c4184a2618cabea3938418984",
                "sha256:6120b62a642a40e47eb6c9ff00c02be69158fc7f7c5ff78e42a2c739d1c57cd6",
                "sha256:65c223e77f87cb463191ace3398e0a6d84ce4ac575d42eb412a220b099f593d6",
                "sha256:6fbf8db55710959344502b58ab937424173ad8b5eb514610bcf56b119caa350a",
                "sha256:74aadea668c94eef4ceb09be3d0eae6619e28b4f1ced4e29cd43a05bb2cfd7a4",
                "sha256:7be1efa623e1ed91b15b1e62e04c536def1d75785eb930a0b8179ca6b65ed16d",
                "sha256:83266cdede210393889471b0c2631e78da9d4692fcca875af7e958ad39b897ee",
                "sha256:86c68a3f8246495962446c6f96f6a27f182b91208187b68f1e87ec3dfd29fa32",
                "sha256:9163f7743cf9991edaddf9cf886708e288fab38e1b9fec9c41c15c85c8f7f147",
                "sha256:97d9f338f91b7927893ea6500b953e4b4b7e47c6272222992bb76221e17056ff",
                "sha256:a7930e73a4359b52323d09de6d6860840314aa09346cbcf4def8875e1b07ebc7",
                "sha256:ada8a42c493e4934a1a8875c2bc9efcb1b88c09883f70375bfa053ab32d6a118",
                "sha256:b0bc2d83cc0ba0e8f0d9eca2ffe07f72f33bec7d84547071e7e875d4cca8272d",
                "sha256:b5412a65605c642adf3e1544b59b8537daf5696dedadd2b3cbebc42e24da45ed",
                "sha256:ba6b5205fced1625b6d9d55f9ef422f9667c5d95f18f07c0611eb964a3355331",
                "sha256:bcaf3d86385daaab0ae51c9c53ebe70a6c1c5dfcb9e311b13517e04773ddf6b6",
                "sha256:cfa15570ecec1ea6bee089e86fd4deae6208c96a811344ce246de5e5c9ac824a",
                "sha256:d3e3063af1fa6b59e255da9a812891cdaf24b90fbaf653c02797871069b7c4c9",
                "sha256:d9cfe26ecea2fec320cd0cac400c9c2435328994d23596ee6df63945fe7292b0",
                "sha256:e5ef800ef8ef9ee05ae9a5b7d7d9cf7d6c936b32e312e54823faca3034ee16ab",
                "sha256:f1366150acf611d09d37ffefb3559ed3ffeb1713643d3cd10716d6c5da3f83fb",
                "sha256:f4eb9747a37120b35f59c8e96265e87b0c432ff010d32fc0772992aa14659502",
                "sha256:f8264463cc08cd696ad17e4bf3c80f3344628c04c11ffdc545ddf0798bc17316",
                "sha256:f8ba54848dfe280b1be0d6e699544cee4ba10d566f92464538063d9e645aed3e",
                "sha256:f93d1edcaea7b6a7a8fbf936f4492a9a0ee0b4cb281efebd5e1dd73e5e432c71",
                "sha256:fc8865c7e0ac25ddd71036c2b9a799418b32d9acb40400d345b8791b6e1058cb",
                "sha256:fce6b0cb9ade1546178c031393633b09c4793834176496c99a94de0bfa471b27",
                "sha256:fde17c52d7ce7d55a9fb263b57ccb5da6439915b5c7105617eb21f636bb1bd9c"
            ],
            "index": "pypi",
            "version": "==1.9.1"
        },
        "cryptography": {
            "hashes": [
                "sha256:066f815f1fe46020877c5983a7e747ae140f517f1b09030ec098503575265ce1",
                "sha256:210210d9df0afba9e000636e97810117dc55b7157c903a55716bb73e3ae07705",
                "sha256:26c821cbeb683facb966045e2064303029d572a87ee69ca5a1bf54bf55f93ca6",
                "sha256:2afb83308dc5c5255149ff7d3fb9964f7c9ee3d59b603ec18ccf5b0a8852e2b1",
                "sha256:2db34e5c45988f36f7a08a7ab2b69638994a8923853dec2d4af121f689c66dc8",
                "sha256:409c4653e0f719fa78febcb71ac417076ae5e20160aec7270c91d009837b9151",
                "sha256:45a4f4cf4f4e6a55c8128f8b76b4c057027b27d4c67e3fe157fa02f27e37830d",
                "sha256:48eab46ef38faf1031e58dfcc9c3e71756a1108f4c9c966150b605d4a1a7f659",
                "sha256:6b9e0ae298ab20d371fc26e2129fd683cfc0cfde4d157c6341722de645146537",
                "sha256:6c4778afe50f413707f604828c1ad1ff81fadf6c110cb669579dea7e2e98a75e",
                "sha256:8c33fb99025d353c9520141f8bc989c2134a1f76bac6369cea060812f5b5c2bb",
                "sha256:9873a1760a274b620a135054b756f9f218fa61ca030e42df31b409f0fb738b6c",
                "sha256:9b069768c627f3f5623b1cbd3248c5e7e92aec62f4c98827059eed7053138cc9",
                "sha256:9e4ce27a507e4886efbd3c32d120db5089b906979a4debf1d5939ec01b9dd6c5",
                "sha256:acb424eaca214cb08735f1a744eceb97d014de6530c1ea23beb86d9c6f13c2ad",
                "sha256:c8181c7d77388fe26ab8418bb088b1a1ef5fde058c6926790c8a0a3d94075a4a",
                "sha256:d4afbb0840f489b60f5a580a41a1b9c3622e08ecb5eec8614d4fb4cd914c4460",
                "sha256:d9ed28030797c00f4bc43c86bf819266c76a5ea61d006cd4078a93ebf7da6bfd",
                "sha256:e603aa7bb52e4e8ed4119a58a03b60323918467ef209e6ff9db3ac382e5cf2c6"
            ],
            "index": "pypi",
            "version": "==2.6.1"
        },
        "cssselect": {
            "hashes": [
                "sha256:4f5f799a1d3182b04814007e9e7fc6c362f4489c7420d6b348cc901ece07ced9",
                "sha256:73db1c054b9348409e2862fc6c0dde5c4e4fbe4da64c5c5a9e05fbea45744077"
            ],
            "index": "pypi",
            "version": "==1.0.1"
        },
        "cssutils": {
            "hashes": [
                "sha256:78ac48006ac2336b9456e88a75ed35f6a31a030c65162503b7af01a60d78db5a",
                "sha256:d8a18b2848ea1011750231f1dd64fe9053dbec1be0b37563c582561e7a529063"
            ],
            "index": "pypi",
            "version": "==1.0.1"
        },
        "defusedxml": {
            "hashes": [
                "sha256:24d7f2f94f7f3cb6061acb215685e5125fbcdc40a857eff9de22518820b0a4f4",
                "sha256:702a91ade2968a82beb0db1e0766a6a273f33d4616a6ce8cde475d8e09853b20"
            ],
            "markers": "python_version >= '3.0'",
            "version": "==0.5.0"
        },
        "dj-database-url": {
            "hashes": [
                "sha256:a6832d8445ee9d788c5baa48aef8130bf61fdc442f7d9a548424d25cd85c9f08",
                "sha256:e16d94c382ea0564c48038fa7fe8d9c890ef1ab1a8ec4cb48e732c124b9482fd"
            ],
            "index": "pypi",
            "version": "==0.4.2"
        },
        "dj-email-url": {
            "hashes": [
                "sha256:25f94c6eeb685b9a574051c68399f9ab9bb26076fd58d15ccc60f3fc525aea4f",
                "sha256:84c864fb98efaa44577d002e456f721a82eacc018c67f615b34c9798c6d3f60b"
            ],
            "index": "pypi",
            "version": "==0.0.10"
        },
        "django": {
            "hashes": [
                "sha256:275bec66fd2588dd517ada59b8bfb23d4a9abc5a362349139ddda3c7ff6f5ade",
                "sha256:939652e9d34d7d53d74d5d8ef82a19e5f8bb2de75618f7e5360691b6e9667963"
            ],
            "index": "pypi",
            "version": "==2.1.7"
        },
        "django-absolute": {
            "hashes": [
                "sha256:41ad9c819c80539cd604b9dea5c735252476616f071d739a8638aa9307df5857"
            ],
            "index": "pypi",
            "version": "==0.3"
        },
        "django-cache-url": {
            "hashes": [
                "sha256:ab15859c5e2b0454e7051bcffd2ade413559ea241094e2845d511f0b69937da2",
                "sha256:d0a8fce123ac35e397bf3b4528528df709a546780625a218794972c0ced77375"
            ],
            "index": "pypi",
            "version": "==1.3.1"
        },
        "django-cors-middleware": {
            "hashes": [
                "sha256:25d7e3132e9533be83f62767fca9dc92d66ac9aee414559144ccbce2c2913d70"
            ],
            "index": "pypi",
            "version": "==1.3.1"
        },
        "django-countries": {
            "hashes": [
                "sha256:1966af42d46bf12f1c7f3d961480e2f0d1f47a58f645f0ce7c394193d5911776",
                "sha256:584534fc41d69427aad7e7a032a9163fb1d7afa74827ce6bb15a1dfd6306587e"
            ],
            "index": "pypi",
            "version": "==4.1"
        },
        "django-emailit": {
            "hashes": [
                "sha256:e55f703c3b6c2b53a21c3491891a86443e74329774a4b120b03a30b7bb2a75ce"
            ],
            "index": "pypi",
            "version": "==0.2.2"
        },
        "django-materializecss-form": {
            "hashes": [
                "sha256:1b86edd3efda9cb498eaa2ca5c2ca6ba18f020264f6c3dea94558e7417d66e6c"
            ],
            "index": "pypi",
            "version": "==1.0.1"
        },
        "django-mptt": {
            "hashes": [
                "sha256:422cc3b4326edfdba65ba5d59b29540f72581bafab53c439d90a89101d2eacc8",
                "sha256:b6c80983bad659cfe7ebd04c95410969cf66ca89dcf8774f33b3fb0e0016270d"
            ],
            "index": "pypi",
            "version": "==0.8.7"
        },
        "django-payments": {
            "hashes": [
                "sha256:6b1596018c174f6c8da36ce1f478e130c4ba9d607a0cbe13993c887f8d97c299"
            ],
            "index": "pypi",
            "version": "==0.12.1"
        },
        "django-prices": {
            "hashes": [
                "sha256:a3b5deabb129bf441638aa191961209d8ba662553f56225f2339f498e60e7e10"
            ],
            "index": "pypi",
            "version": "==0.4.13"
        },
        "django-prices-openexchangerates": {
            "hashes": [
                "sha256:0dde22cc28f56f5e6420c551459206cabeb017daac4710a4317f5fac9cf1f3ca"
            ],
            "index": "pypi",
            "version": "==0.1.12"
        },
        "django-redis": {
            "hashes": [
                "sha256:81854d55fcf3e1ff7f4b3685f3d26173e2cec4e358cb9190862dd164d1eede7b"
            ],
            "index": "pypi",
            "version": "==4.7.0"
        },
        "django-storages": {
            "hashes": [
                "sha256:470b67b325abfd7f82362cfcb09cceba19f1f9499b42ace0f998aa75a05297c7",
                "sha256:60fe20cbf31eeda4e6065039646b6abecc45d6cc41246dd198c477031d848ffa"
            ],
            "index": "pypi",
            "version": "==1.5.2"
        },
        "django-versatileimagefield": {
            "hashes": [
                "sha256:d95a7ed9c3552d522676ae48f16ed0abb256dd53d5fe37deb8281b8c9294f544",
                "sha256:fa3cb574e29f266eeceb284f9476b46fcc33638349facb1413cbc99c5287fac2"
            ],
            "index": "pypi",
            "version": "==1.6.2"
        },
        "django-webpack-loader": {
            "hashes": [
                "sha256:0a8536e36a30d719018cd4c5da6e9d2377771134e713c14e617bb484b4f0acce",
                "sha256:7094bcd8cc40c9824e5b482ce8ff9e8ae09e1982e5d08e078e5fe2411fb40a03"
            ],
            "index": "pypi",
            "version": "==0.5.0"
        },
        "djangorestframework": {
            "hashes": [
                "sha256:8a435df9007c8b7d8e69a21ef06650e3c0cbe0d4b09e55dd1bd74c89a75a9fcd",
                "sha256:f7a266260d656e1cf4ca54d7a7349609dc8af4fe2590edd0ecd7d7643ea94a17"
            ],
            "index": "pypi",
            "version": "==3.9.2"
        },
        "djangorestframework-jwt": {
            "hashes": [
                "sha256:5efe33032f3a4518a300dc51a51c92145ad95fb6f4b272e5aa24701db67936a7",
                "sha256:ab15dfbbe535eede8e2e53adaf52ef0cf018ee27dbfad10cbc4cbec2ab63d38c"
            ],
            "index": "pypi",
            "version": "==1.11.0"
        },
        "docutils": {
            "hashes": [
                "sha256:718c0f5fb677be0f34b781e04241c4067cbd9327b66bdd8e763201130f5175be",
                "sha256:cb3ebcb09242804f84bdbf0b26504077a054da6772c6f4d625f335cc53ebf94d",
                "sha256:de454f1015958450b72641165c08afe7023cd7e3944396448f2fb1b0ccba9d77"
            ],
            "index": "pypi",
            "version": "==0.13.1"
        },
        "elasticsearch": {
            "hashes": [
                "sha256:7546cc08e3899716e12fe67d12d7cfe9a64647014d1134b014c3c392b63cad42",
                "sha256:aada5cfdc4a543c47098eb3aca6663848ef5d04b4324935ced441debc11ec98b"
            ],
            "index": "pypi",
            "version": "==6.3.1"
        },
        "faker": {
            "hashes": [
                "sha256:00b7011757c4907546f17d0e47df098b542ea2b04c966ee0e80a493aae2c13c8",
                "sha256:745ac8b9c9526e338696e07b7f2e206e5e317e5744e22fdd7c2894bf19af41f1"
            ],
            "index": "pypi",
            "version": "==1.0.4"
        },
        "google-i18n-address": {
            "hashes": [
                "sha256:839bb8cb9c796489c3d8e39ba6b088f069baa43081b1f2aa04334a8209bb4992"
            ],
            "index": "pypi",
            "version": "==2.0.1"
        },
        "graphene": {
            "hashes": [
                "sha256:b8ec446d17fa68721636eaad3d6adc1a378cb6323e219814c8f98c9928fc9642",
                "sha256:faa26573b598b22ffd274e2fd7a4c52efa405dcca96e01a62239482246248aa3"
            ],
            "index": "pypi",
            "version": "==2.1.3"
        },
        "graphene-django": {
            "hashes": [
                "sha256:3afd81d47c8b702650e05cc1179fac1cfceae991d241bb164d51f28bed9ec95c",
                "sha256:760a18068feb5457e2ec00d2447c09b2fbac2a6b8c32cc8be2abce3752107ad3"
            ],
            "index": "pypi",
            "version": "==2.2.0"
        },
        "graphql-core": {
            "hashes": [
                "sha256:889e869be5574d02af77baf1f30b5db9ca2959f1c9f5be7b2863ead5a3ec6181",
                "sha256:9462e22e32c7f03b667373ec0a84d95fba10e8ce2ead08f29fbddc63b671b0c1"
            ],
            "index": "pypi",
            "version": "==2.1"
        },
        "graphql-relay": {
            "hashes": [
                "sha256:2716b7245d97091af21abf096fabafac576905096d21ba7118fba722596f65db"
            ],
            "index": "pypi",
            "version": "==0.4.5"
        },
        "idna": {
            "hashes": [
                "sha256:0ac27740937d86850010e035c6a10a564158a5accddf1aa24df89b0309252426",
                "sha256:16402893379702342a662d3f7fa7e9369e4b4770876b245dbbab1eb12d0a60cf"
            ],
            "index": "pypi",
            "version": "==2.2"
        },
        "iso8601": {
            "hashes": [
                "sha256:c68dbd1b6ecc0c13c1d94116aec79d5d5c3bc7444f99159b968f12d83cbc7fa6",
                "sha256:e8fb52f78880ae063336c94eb5b87b181e6a0cc33a6c008511bac9a6e980ef30"
            ],
            "index": "pypi",
            "version": "==0.1.11"
        },
        "jmespath": {
            "hashes": [
                "sha256:08dfaa06d4397f283a01e57089f3360e3b52b5b9da91a70e1fd91e9f0cdd3d3d",
                "sha256:ade5261b0d7d34b6f53accc91e6881b579b40161ed575e6ac465de5edad32815"
            ],
            "index": "pypi",
            "version": "==0.9.0"
        },
        "jsonfield": {
            "hashes": [
                "sha256:7e7f73a675c518712badd783279e26d164140f3fc2ed7a32102c3d08a6a2a4a7"
            ],
            "index": "pypi",
            "version": "==1.0.3"
        },
        "lxml": {
            "hashes": [
                "sha256:0358b9e9642bc7d39aac5cffe9884a99a5ca68e5e2c1b89e570ed60da9139908",
                "sha256:091a359c4dafebbecd3959d9013f1b896b5371859165e4e50b01607a98d9e3e2",
                "sha256:1998e4e60603c64bcc35af61b4331ab3af087457900d3980e18d190e17c3a697",
                "sha256:2000b4088dee9a41f459fddaf6609bba48a435ce6374bb254c5ccdaa8928c5ba",
                "sha256:2afb0064780d8aaf165875be5898c1866766e56175714fa5f9d055433e92d41d",
                "sha256:2d8f1d9334a4e3ff176d096c14ded3100547d73440683567d85b8842a53180bb",
                "sha256:2e38db22f6a3199fd63675e1b4bd795d676d906869047398f29f38ca55cb453a",
                "sha256:3181f84649c1a1ca62b19ddf28436b1b2cb05ae6c7d2628f33872e713994c364",
                "sha256:37462170dfd88af8431d04de6b236e6e9c06cda71e2ca26d88ef2332fd2a5237",
                "sha256:3a9d8521c89bf6f2a929c3d12ad3ad7392c774c327ea809fd08a13be6b3bc05f",
                "sha256:3d0bbd2e1a28b4429f24fd63a122a450ce9edb7a8063d070790092d7343a1aa4",
                "sha256:483d60585ce3ee71929cea70949059f83850fa5e12deb9c094ed1c8c2ec73cbd",
                "sha256:4888be27d5cba55ce94209baef5bcd7bbd7314a3d17021a5fc10000b3a5f737d",
                "sha256:64b0d62e4209170a2a0c404c446ab83b941a0003e96604d2e4f4cb735f8a2254",
                "sha256:68010900898fdf139ac08549c4dba8206c584070a960ffc530aebf0c6f2794ef",
                "sha256:872ecb066de602a0099db98bd9e57f4cfc1d62f6093d94460c787737aa08f39e",
                "sha256:88a32b03f2e4cd0e63f154cac76724709f40b3fc2f30139eb5d6f900521b44ed",
                "sha256:b1dc7683da4e67ab2bebf266afa68098d681ae02ce570f0d1117312273d2b2ac",
                "sha256:b29e27ce9371810250cb1528a771d047a9c7b0f79630dc7dc5815ff828f4273b",
                "sha256:ce197559596370d985f1ce6b7051b52126849d8159040293bf8b98cb2b3e1f78",
                "sha256:d45cf6daaf22584eff2175f48f82c4aa24d8e72a44913c5aff801819bb73d11f",
                "sha256:e2ff9496322b2ce947ba4a7a5eb048158de9d6f3fe9efce29f1e8dd6878561e6",
                "sha256:f7b979518ec1f294a41a707c007d54d0f3b3e1fd15d5b26b7e99b62b10d9a72e",
                "sha256:f9c7268e9d16e34e50f8246c4f24cf7353764affd2bc971f0379514c246e3f6b",
                "sha256:f9c839806089d79de588ee1dde2dae05dc1156d3355dfeb2b51fde84d9c960ad",
                "sha256:ff962953e2389226adc4d355e34a98b0b800984399153c6678f2367b11b4d4b8"
            ],
            "index": "pypi",
            "version": "==4.3.2"
        },
        "markdown": {
            "hashes": [
                "sha256:61169c455b0e541ac8b6d0cac33c785f14d486b4b24f28a58d63faeec6f2d0a8",
                "sha256:daebf24846efa7ff269cfde8c41a48bb2303920c7b2c7c5e04fa82e6282d05c0"
            ],
            "index": "pypi",
            "version": "==2.6.7"
        },
        "maxminddb": {
            "hashes": [
                "sha256:585905793aab72b0462b06205459089358a0ee6f47c426097e6431356d31eb4a"
            ],
            "index": "pypi",
            "version": "==1.2.3"
        },
        "maxminddb-geolite2": {
            "hashes": [
                "sha256:92283ee9831db7c45856767fe4425b436e11a37bfd50ddfa0dd3ed7404469ca1"
            ],
            "index": "pypi",
            "version": "==2015.708"
        },
        "mock": {
            "hashes": [
                "sha256:5ce3c71c5545b472da17b72268978914d0252980348636840bd34a00b5cc96c1",
                "sha256:b158b6df76edd239b8208d481dc46b6afd45a846b7812ff0ce58971cf5bc8bba"
            ],
            "index": "pypi",
            "version": "==2.0.0"
        },
        "oauthlib": {
            "hashes": [
                "sha256:132ad46df25e53a84b33f1fd43f80e973cda2cb018cc0168d7d0c8c4d5cef9b5"
            ],
            "index": "pypi",
            "version": "==2.0.1"
        },
        "pbr": {
            "hashes": [
                "sha256:186428c270309e6fdfe2d5ab0949ab21ae5f7dea831eab96701b86bd666af39c",
                "sha256:f5cf7265a80636ecff66806d13494cbf9d77a3758a65fd8b4d4d4bee81b0c375"
            ],
            "index": "pypi",
            "version": "==1.10.0"
        },
        "pillow": {
            "hashes": [
                "sha256:0142d0508315428014badb00325742e2e3d90339734f58ddaa072f9ec15420c4",
                "sha256:0ee9975c05602e755ff5000232e0335ba30d507f6261922a658ee11b1cec36d1",
                "sha256:3e1b1993e65bb40e9751ba7d00acb57ad954687bcadf14cbca9e8faeb57af4d2",
                "sha256:61b082064279d26dd292a4ced8d7a25fb8aea488dde9d71928ffc1c4f898cfcb",
                "sha256:6831afdd1e5542faf5c197b2d535be2c95976778cd658c96276220d3c1a3f526",
                "sha256:75a8fed85ca8e4ba87662f41563c7bb0c2c02b31739db132d8bfda2cdce9163f",
                "sha256:78667f7252947a72c2dc439593d369ec7ec2f1f4443d73239ae196797fbd8e0b",
                "sha256:85b237840ad8b30a1572bf9e3898a26c77910a56554d73ed4f58a42197c2e4c2",
                "sha256:89f6b6e2ea7bcb842512a1c8168e0adf75de2ed64331971d5b65911e0313ea93",
                "sha256:8ffabd1e2ee44be964b3f4df982a4be6ca29e93159c744f4b1a6519edf366bce",
                "sha256:963aa56368688280f22c1f21e2b23992424f7cfe167f0ec300eb6453f03d6a49",
                "sha256:979ca0d32b932fdd0ca9e3ec842e4bead6bba80612b45c7d77639d96d3453c7a",
                "sha256:a44ed4fd02dde15d1968fb5bc732427d3e179f93cc8420927423a308d30040a1",
                "sha256:a922540cc5881d3006d272e3ffdb693414a7e9bca2fa9443309cdd23eca0651c",
                "sha256:b1dbc2d8a11505eea4537d43db20daa42b96126214cc4e291db73da174f23821",
                "sha256:b28e94dfe4cfec91b1f9b6b07103f0dc18d195152499f936df7b7a6f0aa2ff67",
                "sha256:bbbe42e9c2fb41bb78cfa6801880da29730836bc8e65eb6d8af5b7aa027a7151",
                "sha256:be94b72de31747891c0a8cd45ab60e344f510f3f9f040fd55f1e25c0ddb6322c",
                "sha256:c53c3d1a72d84f460091613894d4b610914acd874dcfcf74cbbd03970bdfa289",
                "sha256:d94d5b6759be9401a23d8b8dcea8114d0d84aa2f2995886baa9923a8de2c78db",
                "sha256:df68a56ff419eecb2a634f3acd735bd57bfbc31244efd18e822ac01cf9e31795",
                "sha256:f9d2dd1c7007a97eb2832bcc30798bea181176b248d7362b6033d1c97e83c355",
                "sha256:fbb384b0936c9e71c5456707699e0fcdf6ce1004c08766463b8f48035651eea3",
                "sha256:fdc641ac432115e35d31441dbb253b016beea467dff402259d74b4df5e5f0f63"
            ],
            "index": "pypi",
            "version": "==3.4.2"
        },
        "premailer": {
            "hashes": [
                "sha256:25c97c4c1838a8045ed1da1a14bd82ce458687878aa162378a78aa82a6aec6af",
                "sha256:4e71cc09ad1438f827d1070ffac54ceb3a6a07c995fa82cb34c1ef163adeb432"
            ],
            "index": "pypi",
            "version": "==3.0.1"
        },
        "prices": {
            "hashes": [
                "sha256:de2a5f7e0b2b97c4730120db6bc7b47cdfe9cd817179eefcc39d8dab28259fd9"
            ],
            "index": "pypi",
            "version": "==0.5.8"
        },
        "promise": {
            "hashes": [
                "sha256:2ebbfc10b7abf6354403ed785fe4f04b9dfd421eb1a474ac8d187022228332af",
                "sha256:348f5f6c3edd4fd47c9cd65aed03ac1b31136d375aa63871a57d3e444c85655c"
            ],
            "index": "pypi",
            "version": "==2.2.1"
        },
        "psycopg2-binary": {
            "hashes": [
                "sha256:04afb59bbbd2eab3148e6816beddc74348078b8c02a1113ea7f7822f5be4afe3",
                "sha256:098b18f4d8857a8f9b206d1dc54db56c2255d5d26458917e7bcad61ebfe4338f",
                "sha256:0bf855d4a7083e20ead961fda4923887094eaeace0ab2d76eb4aa300f4bbf5bd",
                "sha256:197dda3ffd02057820be83fe4d84529ea70bf39a9a4daee1d20ffc74eb3d042e",
                "sha256:278ef63afb4b3d842b4609f2c05ffbfb76795cf6a184deeb8707cd5ed3c981a5",
                "sha256:3cbf8c4fc8f22f0817220891cf405831559f4d4c12c4f73913730a2ea6c47a47",
                "sha256:4305aed922c4d9d6163ab3a41d80b5a1cfab54917467da8168552c42cad84d32",
                "sha256:47ee296f704fb8b2a616dec691cdcfd5fa0f11943955e88faa98cbd1dc3b3e3d",
                "sha256:4a0e38cb30457e70580903367161173d4a7d1381eb2f2cfe4e69b7806623f484",
                "sha256:4d6c294c6638a71cafb82a37f182f24321f1163b08b5d5ca076e11fe838a3086",
                "sha256:4f3233c366500730f839f92833194fd8f9a5c4529c8cd8040aa162c3740de8e5",
                "sha256:5221f5a3f4ca2ddf0d58e8b8a32ca50948be9a43351fda797eb4e72d7a7aa34d",
                "sha256:5c6ca0b507540a11eaf9e77dee4f07c131c2ec80ca0cffa146671bf690bc1c02",
                "sha256:789bd89d71d704db2b3d5e67d6d518b158985d791d3b2dec5ab85457cfc9677b",
                "sha256:7b94d29239efeaa6a967f3b5971bd0518d2a24edd1511edbf4a2c8b815220d07",
                "sha256:89bc65ef3301c74cf32db25334421ea6adbe8f65601ea45dcaaf095abed910bb",
                "sha256:89d6d3a549f405c20c9ae4dc94d7ed2de2fa77427a470674490a622070732e62",
                "sha256:97521704ac7127d7d8ba22877da3c7bf4a40366587d238ec679ff38e33177498",
                "sha256:a395b62d5f44ff6f633231abe568e2203b8fabf9797cd6386aa92497df912d9a",
                "sha256:a6d32c37f714c3f34158f3fa659f3a8f2658d5f53c4297d45579b9677cc4d852",
                "sha256:a89ee5c26f72f2d0d74b991ce49e42ddeb4ac0dc2d8c06a0f2770a1ab48f4fe0",
                "sha256:b4c8b0ef3608e59317bfc501df84a61e48b5445d45f24d0391a24802de5f2d84",
                "sha256:b5fcf07140219a1f71e18486b8dc28e2e1b76a441c19374805c617aa6d9a9d55",
                "sha256:b86f527f00956ecebad6ab3bb30e3a75fedf1160a8716978dd8ce7adddedd86f",
                "sha256:be4c4aa22ba22f70de36c98b06480e2f1697972d49eb20d525f400d204a6d272",
                "sha256:c2ac7aa1a144d4e0e613ac7286dae85671e99fe7a1353954d4905629c36b811c",
                "sha256:de26ef4787b5e778e8223913a3e50368b44e7480f83c76df1f51d23bd21cea16",
                "sha256:e70ebcfc5372dc7b699c0110454fc4263967f30c55454397e5769eb72c0eb0ce",
                "sha256:eadbd32b6bc48b67b0457fccc94c86f7ccc8178ab839f684eb285bb592dc143e",
                "sha256:ecbc6dfff6db06b8b72ae8a2f25ff20fbdcb83cb543811a08f7cb555042aa729"
            ],
            "index": "pypi",
            "version": "==2.7.5"
        },
        "purl": {
            "hashes": [
                "sha256:0691e3b0e68995128823685ed5505fbb5815ca507c90f5737e69f5393f9c0a6a",
                "sha256:2061099165a8407f47f41096c3388b249e52a55b51a67c50738ca83033ce01f2"
            ],
            "index": "pypi",
            "version": "==1.3"
        },
        "py": {
            "hashes": [
                "sha256:2d4bba2e25fff58140e6bdce1e485e89bb59776adbe01d490baa6b1f37a3dd6b",
                "sha256:c4b89fd1ff1162375115608d01f77c38cca1d0f28f37fd718005e19b28be41a7"
            ],
            "index": "pypi",
            "version": "==1.4.32"
        },
        "pyasn1": {
            "hashes": [
                "sha256:28fee44217991cfad9e6a0b9f7e3f26041e21ebc96629e94e585ccd05d49fa65",
                "sha256:853cacd96d1f701ddd67aa03ecc05f51890135b7262e922710112f12a2ed2a7f"
            ],
            "index": "pypi",
            "version": "==0.1.9"
        },
        "pycparser": {
            "hashes": [
                "sha256:0aac31e917c24cb3357f5a4d5566f2cc91a19ca41862f6c3c22dc60a629673b6"
            ],
            "index": "pypi",
            "version": "==2.17"
        },
        "pyjwt": {
            "hashes": [
                "sha256:5c6eca3c2940464d106b99ba83b00c6add741c9becaec087fb7ccdefea71350e",
                "sha256:8d59a976fb773f3e6a39c85636357c4f0e242707394cadadd9814f5cbaa20e96"
            ],
            "version": "==1.7.1"
        },
        "pyparsing": {
            "hashes": [
                "sha256:0aa6e8d8c3f9c447a95a33bb04b103ead630121c3f4233e2980348cecf8b69c8",
                "sha256:67101d7acee692962f33dd30b5dce079ff532dd9aa99ff48d52a3dad51d2fe84",
                "sha256:811c3e7b0031021137fc83e051795025fcb98674d07eb8fe922ba4de53d39188"
            ],
            "index": "pypi",
            "version": "==2.1.10"
        },
        "pytest": {
            "hashes": [
                "sha256:4a003aa956f023ce91aa6e166b555e6f02a4b0aeb459ac61e14f64c0d39037fd",
                "sha256:c97bdefdca852d48c3144b8a534a78527534793bac959c10211ed3e037925020"
            ],
            "index": "pypi",
            "version": "==3.0.5"
        },
        "pytest-django": {
            "hashes": [
                "sha256:00995c2999b884a38ae9cd30a8c00ed32b3d38c1041250ea84caf18085589662",
                "sha256:038ccc5a9daa1b1b0eb739ab7dce54e495811eca5ea3af4815a2a3ac45152309"
            ],
            "index": "pypi",
            "version": "==3.1.2"
        },
        "python-dateutil": {
            "hashes": [
                "sha256:3acbef017340600e9ff8f2994d8f7afd6eacb295383f286466a6df3961e486f0",
                "sha256:537bf2a8f8ce6f6862ad705cd68f9e405c0b5db014aa40fa29eab4335d4b1716",
                "sha256:62a2f8df3d66f878373fd0072eacf4ee52194ba302e00082828e0d263b0418d2"
            ],
            "index": "pypi",
            "version": "==2.6.0"
        },
        "python3-openid": {
            "hashes": [
                "sha256:0086da6b6ef3161cfe50fb1ee5cceaf2cda1700019fda03c2c5c440ca6abe4fa",
                "sha256:628d365d687e12da12d02c6691170f4451db28d6d68d050007e4a40065868502"
            ],
            "markers": "python_version >= '3.0'",
            "version": "==3.1.0"
        },
        "pytz": {
            "hashes": [
                "sha256:7016b2c4fa075c564b81c37a252a5fccf60d8964aa31b7f5eae59aeb594ae02b",
                "sha256:9a43e20aa537cfad8fe7a1715165c91cb4a6935d40947f2d070e4c80f2dcd22b",
                "sha256:a1ea35e87a63c7825846d5b5c81d23d668e8a102d3b1b465ce95afe1b3a2e065",
                "sha256:aafbf066975fe217ed49d7d197b26903d3b43e9ca2aa6ba0a211081f13c41917"
            ],
            "index": "pypi",
            "version": "==2016.10"
        },
        "redis": {
            "hashes": [
                "sha256:5dfbae6acfc54edf0a7a415b99e0b21c0a3c27a7f787b292eea727b1facc5533",
                "sha256:97156b37d7cda4e7d8658be1148c983984e1a975090ba458cc7e244025191dbd"
            ],
            "index": "pypi",
            "version": "==2.10.5"
        },
        "requests": {
            "hashes": [
                "sha256:000748df49e087784441b2621c50fb81046c5c8e80e0d91674ffad65b9e13844",
                "sha256:ed98431a0631e309bb4b63c81d561c1654822cb103de1ac7b47e45c26be7ae34"
            ],
            "index": "pypi",
            "version": "==2.12.4"
        },
        "requests-oauthlib": {
            "hashes": [
                "sha256:198807c592b75438485c890f0403b1a8e363c86be1a87da687be18991a6850b0",
                "sha256:87e1c05c1b4b4220af0c7ff4e6572ff7fba8032166cb1a12d2e1acd4a5fdaf4f"
            ],
            "index": "pypi",
            "version": "==0.7.0"
        },
        "rx": {
            "hashes": [
                "sha256:13a1d8d9e252625c173dc795471e614eadfe1cf40ffc684e08b8fff0d9748c23",
                "sha256:7357592bc7e881a95e0c2013b73326f704953301ab551fbc8133a6fadab84105"
            ],
            "version": "==1.6.1"
        },
        "s3transfer": {
            "hashes": [
                "sha256:ba1a9104939b7c0331dc4dd234d79afeed8b66edce77bbeeecd4f56de74a0fc1",
                "sha256:bc52f38637f37572ae180c08a2dd87a4825b46713797633aab6e1a42d6b2b8ff"
            ],
            "index": "pypi",
            "version": "==0.1.10"
        },
        "satchless": {
            "hashes": [
                "sha256:6ebc4dcbbcb05901b93e250813a579ba3ac6f460fd7e2c54431eaae4eb022b20"
            ],
            "index": "pypi",
            "version": "==1.1.3"
        },
        "singledispatch": {
            "hashes": [
                "sha256:5b06af87df13818d14f08a028e42f566640aef80805c3b50c5056b086e3c2b9c",
                "sha256:833b46966687b3de7f438c761ac475213e53b306740f1abfaa86e1d1aae56aa8"
            ],
            "index": "pypi",
            "version": "==3.4.0.3"
        },
        "six": {
            "hashes": [
                "sha256:0ff78c403d9bccf5a425a6d31a12aa6b47f1c21ca4dc2573a7e2f32a97335eb1",
                "sha256:105f8d68616f8248e24bf0e9372ef04d3cc10104f1980f54d57b2ce73a5ad56a"
            ],
            "index": "pypi",
            "version": "==1.10.0"
        },
        "social-auth-app-django": {
            "hashes": [
                "sha256:25295c94375d28062f65d0b3cd4b7e304c7e2fb7bac1ec51b40650a654c352f4",
                "sha256:4e34d86709bfa51fd2938307e00f12f4e1dfef8a8ed6bfbfe9aeb4e69d57148f",
                "sha256:b7c28bef8fbd11ff357ddd885cb219cdb55565e01109c709dd28569e0bfb0dea"
            ],
            "index": "pypi",
            "version": "==2.1.0"
        },
        "social-auth-core": {
            "hashes": [
                "sha256:65122fb4287c70ff7915be0f52150fc1a9b9515eab3c3f0e4cd9dbb2a442a5c3",
                "sha256:cc871fb4528f7cbba67efdba0bc0f7d7c6eeb92113b0cdc9368dd91ffe965782",
                "sha256:f9f36dfa6af2823efb35a5ef65dfd02f66c944f389c33c25dd9621f8bb75a7da"
            ],
            "version": "==3.1.0"
        },
        "stripe": {
            "hashes": [
                "sha256:015d209f14997853c15aa9ed619dc75392b80f683b2cf359c61c5f5e9766f7ec",
                "sha256:92873cbe3112f77b157179d75b445225ae1b42e33e38e0b97f1706a04ecc8da4",
                "sha256:eb2c1de64c62038ad1383670fdb7520f4738597aecc07ffd4b50ff94ed864bf1"
            ],
            "index": "pypi",
            "version": "==1.46.0"
        },
        "suds-jurko": {
            "hashes": [
                "sha256:1cb7252cb13018fc32887c3a834ed7c6648a5b5c4c159be5806da2e1785399e8",
                "sha256:29edb72fd21e3044093d86f33c66cf847c5aaab26d64cb90e69e528ef014e57f"
            ],
            "index": "pypi",
            "version": "==0.6"
        },
        "text-unidecode": {
            "hashes": [
                "sha256:5a1375bb2ba7968740508ae38d92e1f889a0832913cb1c447d5e2046061a396d",
                "sha256:801e38bd550b943563660a91de8d4b6fa5df60a542be9093f7abf819f86050cc"
            ],
            "index": "pypi",
            "version": "==1.2"
        },
        "typing": {
            "hashes": [
                "sha256:2bce34292653af712963c877f3085250a336738e64f99048d1b8509bebc4772f"
            ],
            "index": "pypi",
            "version": "==3.5.2.2"
        },
        "urllib3": {
            "hashes": [
                "sha256:61bf29cada3fc2fbefad4fdf059ea4bd1b4a86d2b6d15e1c7c0b582b9752fe39",
                "sha256:de9529817c93f27c8ccbfead6985011db27bd0ddfcdb2d86f3f663385c6a9c22"
            ],
            "index": "pypi",
            "version": "==1.24.1"
        },
        "uwsgi": {
            "hashes": [
                "sha256:4972ac538800fb2d421027f49b4a1869b66048839507ccf0aa2fda792d99f583"
            ],
            "index": "pypi",
            "version": "==2.0.18"
        },
        "xmltodict": {
            "hashes": [
                "sha256:fc518ccf9adbbb917a2ddcb386be852ae6dd36935e1e8b9a3e760201abfdbf77"
            ],
            "index": "pypi",
            "version": "==0.10.2"
        }
    },
    "develop": {}
}
